
Microsoft Visual Studio Solution File, Format Version 12.00
# Visual Studio Version 17
VisualStudioVersion = 17.0.31521.260
MinimumVisualStudioVersion = 10.0.40219.1
Project("{9A19103F-16F7-4668-BE54-9A1E7A4F7556}") = "Aiapps.Sdk", "Aiapps.Sdk\Aiapps.Sdk.csproj", "{8814C678-BE00-4F58-9628-14A332BC2B02}"
EndProject
Project("{9A19103F-16F7-4668-BE54-9A1E7A4F7556}") = "Aiapps.Sdk.Pos", "Aiapps.Sdk.Pos\Aiapps.Sdk.Pos.csproj", "{61FFE5F8-3814-49D5-B358-CBB628B7B2E2}"
EndProject
Project("{9A19103F-16F7-4668-BE54-9A1E7A4F7556}") = "Aiapps.Sdk.Licensing", "Aiapps.Sdk.Licensing\Aiapps.Sdk.Licensing.csproj", "{635568CC-F016-4BB1-8053-E57BF8732313}"
EndProject
Project("{9A19103F-16F7-4668-BE54-9A1E7A4F7556}") = "Aiapps.Sdk.Licensing.Tests", "Aiapps.Sdk.Licensing.Tests\Aiapps.Sdk.Licensing.Tests.csproj", "{24B28C15-FE87-4B43-BD33-313B26D9BD33}"
EndProject
Project("{2150E333-8FDC-42A3-9474-1A3956D46DE8}") = "Tests", "Tests", "{E5A9B9DA-1F04-4B4E-95A9-F843B03879A2}"
EndProject
Project("{9A19103F-16F7-4668-BE54-9A1E7A4F7556}") = "Aiapps.Sdk.Nfce.Tests", "Aiapps.Sdk.Nfce.Tests\Aiapps.Sdk.Nfce.Tests.csproj", "{38AFA520-02AD-46FC-A313-6580E533EDFD}"
EndProject
Project("{9A19103F-16F7-4668-BE54-9A1E7A4F7556}") = "Aiapps.Sdk.Nfce", "Aiapps.Sdk.Nfce\Aiapps.Sdk.Nfce.csproj", "{7CB8F8F4-DEC7-44A6-9054-3C469BD61F1C}"
EndProject
Project("{9A19103F-16F7-4668-BE54-9A1E7A4F7556}") = "Aiapps.Sdk.Financial", "Aiapps.Sdk.Financial\Aiapps.Sdk.Financial.csproj", "{8CDBFDDC-4DD5-4ABF-8868-0F751EB4B420}"
EndProject
Project("{9A19103F-16F7-4668-BE54-9A1E7A4F7556}") = "Aiapps.Sdk.Crm", "Aiapps.Sdk.Crm\Aiapps.Sdk.Crm.csproj", "{0035B053-657D-4D34-95F2-F87CAA46EC12}"
EndProject
Project("{9A19103F-16F7-4668-BE54-9A1E7A4F7556}") = "Aiapps.Sdk.Financial.Tests", "Aiapps.Sdk.Financial.Tests\Aiapps.Sdk.Financial.Tests.csproj", "{7ED7271F-B41C-4F7F-94CD-0F7A012A9C61}"
EndProject
Project("{9A19103F-16F7-4668-BE54-9A1E7A4F7556}") = "Aiapps.Sdk.Hooks", "Aiapps.Sdk.Hooks\Aiapps.Sdk.Hooks.csproj", "{57423DDB-BEDB-4C44-AFA9-16EE0B842AEA}"
EndProject
Project("{9A19103F-16F7-4668-BE54-9A1E7A4F7556}") = "Aiapps.Sdk.Hooks.Tests", "Aiapps.Sdk.Hooks.Tests\Aiapps.Sdk.Hooks.Tests.csproj", "{A1CE3A76-B71E-45C1-9114-295F7B7E2058}"
EndProject
Project("{9A19103F-16F7-4668-BE54-9A1E7A4F7556}") = "Aiapps.Sdk.Invoices", "Aiapps.Sdk.Invoices\Aiapps.Sdk.Invoices.csproj", "{BA35A003-1051-4FD9-97E5-7B4A20C22560}"
EndProject
Project("{9A19103F-16F7-4668-BE54-9A1E7A4F7556}") = "Aiapps.Sdk.Orders", "Aiapps.Sdk.Orders\Aiapps.Sdk.Orders.csproj", "{8051DA0F-7F88-4C06-B2DC-DBC16AC7B4F4}"
EndProject
Project("{9A19103F-16F7-4668-BE54-9A1E7A4F7556}") = "Aiapps.Sdk.Nfe", "Aiapps.Sdk.Nfe\Aiapps.Sdk.Nfe.csproj", "{0C9C5CFC-B833-4FF0-86BA-A9223E74066F}"
EndProject
Project("{9A19103F-16F7-4668-BE54-9A1E7A4F7556}") = "Aiapps.Sdk.Nfe.Tests", "Aiapps.Sdk.Nfe.Tests\Aiapps.Sdk.Nfe.Tests.csproj", "{29192D2E-3E74-4870-AD27-A0FBE2429B43}"
EndProject
Project("{FAE04EC0-301F-11D3-BF4B-00C04F79EFBC}") = "Aiapps.Sdk.Shipment", "Aiapps.Sdk.Shipment\Aiapps.Sdk.Shipment.csproj", "{DD373082-19B8-41F3-87A9-B539AF83E100}"
EndProject
Project("{FAE04EC0-301F-11D3-BF4B-00C04F79EFBC}") = "Aiapps.Sdk.Shipment.Tests", "Aiapps.Sdk.Shipment.Tests\Aiapps.Sdk.Shipment.Tests.csproj", "{9925292F-BF32-434C-923B-0AFCA87516F0}"
EndProject
Global
	GlobalSection(SolutionConfigurationPlatforms) = preSolution
		Debug|Any CPU = Debug|Any CPU
		Release|Any CPU = Release|Any CPU
	EndGlobalSection
	GlobalSection(ProjectConfigurationPlatforms) = postSolution
		{8814C678-BE00-4F58-9628-14A332BC2B02}.Debug|Any CPU.ActiveCfg = Debug|Any CPU
		{8814C678-BE00-4F58-9628-14A332BC2B02}.Debug|Any CPU.Build.0 = Debug|Any CPU
		{8814C678-BE00-4F58-9628-14A332BC2B02}.Release|Any CPU.ActiveCfg = Release|Any CPU
		{8814C678-BE00-4F58-9628-14A332BC2B02}.Release|Any CPU.Build.0 = Release|Any CPU
		{61FFE5F8-3814-49D5-B358-CBB628B7B2E2}.Debug|Any CPU.ActiveCfg = Debug|Any CPU
		{61FFE5F8-3814-49D5-B358-CBB628B7B2E2}.Debug|Any CPU.Build.0 = Debug|Any CPU
		{61FFE5F8-3814-49D5-B358-CBB628B7B2E2}.Release|Any CPU.ActiveCfg = Release|Any CPU
		{61FFE5F8-3814-49D5-B358-CBB628B7B2E2}.Release|Any CPU.Build.0 = Release|Any CPU
		{635568CC-F016-4BB1-8053-E57BF8732313}.Debug|Any CPU.ActiveCfg = Debug|Any CPU
		{635568CC-F016-4BB1-8053-E57BF8732313}.Debug|Any CPU.Build.0 = Debug|Any CPU
		{635568CC-F016-4BB1-8053-E57BF8732313}.Release|Any CPU.ActiveCfg = Release|Any CPU
		{635568CC-F016-4BB1-8053-E57BF8732313}.Release|Any CPU.Build.0 = Release|Any CPU
		{24B28C15-FE87-4B43-BD33-313B26D9BD33}.Debug|Any CPU.ActiveCfg = Debug|Any CPU
		{24B28C15-FE87-4B43-BD33-313B26D9BD33}.Debug|Any CPU.Build.0 = Debug|Any CPU
		{24B28C15-FE87-4B43-BD33-313B26D9BD33}.Release|Any CPU.ActiveCfg = Release|Any CPU
		{24B28C15-FE87-4B43-BD33-313B26D9BD33}.Release|Any CPU.Build.0 = Release|Any CPU
		{38AFA520-02AD-46FC-A313-6580E533EDFD}.Debug|Any CPU.ActiveCfg = Debug|Any CPU
		{38AFA520-02AD-46FC-A313-6580E533EDFD}.Debug|Any CPU.Build.0 = Debug|Any CPU
		{38AFA520-02AD-46FC-A313-6580E533EDFD}.Release|Any CPU.ActiveCfg = Release|Any CPU
		{38AFA520-02AD-46FC-A313-6580E533EDFD}.Release|Any CPU.Build.0 = Release|Any CPU
		{7CB8F8F4-DEC7-44A6-9054-3C469BD61F1C}.Debug|Any CPU.ActiveCfg = Debug|Any CPU
		{7CB8F8F4-DEC7-44A6-9054-3C469BD61F1C}.Debug|Any CPU.Build.0 = Debug|Any CPU
		{7CB8F8F4-DEC7-44A6-9054-3C469BD61F1C}.Release|Any CPU.ActiveCfg = Release|Any CPU
		{7CB8F8F4-DEC7-44A6-9054-3C469BD61F1C}.Release|Any CPU.Build.0 = Release|Any CPU
		{8CDBFDDC-4DD5-4ABF-8868-0F751EB4B420}.Debug|Any CPU.ActiveCfg = Debug|Any CPU
		{8CDBFDDC-4DD5-4ABF-8868-0F751EB4B420}.Debug|Any CPU.Build.0 = Debug|Any CPU
		{8CDBFDDC-4DD5-4ABF-8868-0F751EB4B420}.Release|Any CPU.ActiveCfg = Release|Any CPU
		{8CDBFDDC-4DD5-4ABF-8868-0F751EB4B420}.Release|Any CPU.Build.0 = Release|Any CPU
		{0035B053-657D-4D34-95F2-F87CAA46EC12}.Debug|Any CPU.ActiveCfg = Debug|Any CPU
		{0035B053-657D-4D34-95F2-F87CAA46EC12}.Debug|Any CPU.Build.0 = Debug|Any CPU
		{0035B053-657D-4D34-95F2-F87CAA46EC12}.Release|Any CPU.ActiveCfg = Release|Any CPU
		{0035B053-657D-4D34-95F2-F87CAA46EC12}.Release|Any CPU.Build.0 = Release|Any CPU
		{7ED7271F-B41C-4F7F-94CD-0F7A012A9C61}.Debug|Any CPU.ActiveCfg = Debug|Any CPU
		{7ED7271F-B41C-4F7F-94CD-0F7A012A9C61}.Debug|Any CPU.Build.0 = Debug|Any CPU
		{7ED7271F-B41C-4F7F-94CD-0F7A012A9C61}.Release|Any CPU.ActiveCfg = Release|Any CPU
		{7ED7271F-B41C-4F7F-94CD-0F7A012A9C61}.Release|Any CPU.Build.0 = Release|Any CPU
		{57423DDB-BEDB-4C44-AFA9-16EE0B842AEA}.Debug|Any CPU.ActiveCfg = Debug|Any CPU
		{57423DDB-BEDB-4C44-AFA9-16EE0B842AEA}.Debug|Any CPU.Build.0 = Debug|Any CPU
		{57423DDB-BEDB-4C44-AFA9-16EE0B842AEA}.Release|Any CPU.ActiveCfg = Release|Any CPU
		{57423DDB-BEDB-4C44-AFA9-16EE0B842AEA}.Release|Any CPU.Build.0 = Release|Any CPU
		{A1CE3A76-B71E-45C1-9114-295F7B7E2058}.Debug|Any CPU.ActiveCfg = Debug|Any CPU
		{A1CE3A76-B71E-45C1-9114-295F7B7E2058}.Debug|Any CPU.Build.0 = Debug|Any CPU
		{A1CE3A76-B71E-45C1-9114-295F7B7E2058}.Release|Any CPU.ActiveCfg = Release|Any CPU
		{A1CE3A76-B71E-45C1-9114-295F7B7E2058}.Release|Any CPU.Build.0 = Release|Any CPU
		{BA35A003-1051-4FD9-97E5-7B4A20C22560}.Debug|Any CPU.ActiveCfg = Debug|Any CPU
		{BA35A003-1051-4FD9-97E5-7B4A20C22560}.Debug|Any CPU.Build.0 = Debug|Any CPU
		{BA35A003-1051-4FD9-97E5-7B4A20C22560}.Release|Any CPU.ActiveCfg = Release|Any CPU
		{BA35A003-1051-4FD9-97E5-7B4A20C22560}.Release|Any CPU.Build.0 = Release|Any CPU
		{8051DA0F-7F88-4C06-B2DC-DBC16AC7B4F4}.Debug|Any CPU.ActiveCfg = Debug|Any CPU
		{8051DA0F-7F88-4C06-B2DC-DBC16AC7B4F4}.Debug|Any CPU.Build.0 = Debug|Any CPU
		{8051DA0F-7F88-4C06-B2DC-DBC16AC7B4F4}.Release|Any CPU.ActiveCfg = Release|Any CPU
		{8051DA0F-7F88-4C06-B2DC-DBC16AC7B4F4}.Release|Any CPU.Build.0 = Release|Any CPU
		{0C9C5CFC-B833-4FF0-86BA-A9223E74066F}.Debug|Any CPU.ActiveCfg = Debug|Any CPU
		{0C9C5CFC-B833-4FF0-86BA-A9223E74066F}.Debug|Any CPU.Build.0 = Debug|Any CPU
		{0C9C5CFC-B833-4FF0-86BA-A9223E74066F}.Release|Any CPU.ActiveCfg = Release|Any CPU
		{0C9C5CFC-B833-4FF0-86BA-A9223E74066F}.Release|Any CPU.Build.0 = Release|Any CPU
		{29192D2E-3E74-4870-AD27-A0FBE2429B43}.Debug|Any CPU.ActiveCfg = Debug|Any CPU
		{29192D2E-3E74-4870-AD27-A0FBE2429B43}.Debug|Any CPU.Build.0 = Debug|Any CPU
		{29192D2E-3E74-4870-AD27-A0FBE2429B43}.Release|Any CPU.ActiveCfg = Release|Any CPU
		{29192D2E-3E74-4870-AD27-A0FBE2429B43}.Release|Any CPU.Build.0 = Release|Any CPU
		{DD373082-19B8-41F3-87A9-B539AF83E100}.Debug|Any CPU.ActiveCfg = Debug|Any CPU
		{DD373082-19B8-41F3-87A9-B539AF83E100}.Debug|Any CPU.Build.0 = Debug|Any CPU
		{DD373082-19B8-41F3-87A9-B539AF83E100}.Release|Any CPU.ActiveCfg = Release|Any CPU
		{DD373082-19B8-41F3-87A9-B539AF83E100}.Release|Any CPU.Build.0 = Release|Any CPU
		{9925292F-BF32-434C-923B-0AFCA87516F0}.Debug|Any CPU.ActiveCfg = Debug|Any CPU
		{9925292F-BF32-434C-923B-0AFCA87516F0}.Debug|Any CPU.Build.0 = Debug|Any CPU
		{9925292F-BF32-434C-923B-0AFCA87516F0}.Release|Any CPU.ActiveCfg = Release|Any CPU
		{9925292F-BF32-434C-923B-0AFCA87516F0}.Release|Any CPU.Build.0 = Release|Any CPU
	EndGlobalSection
	GlobalSection(SolutionProperties) = preSolution
		HideSolutionNode = FALSE
	EndGlobalSection
	GlobalSection(NestedProjects) = preSolution
		{24B28C15-FE87-4B43-BD33-313B26D9BD33} = {E5A9B9DA-1F04-4B4E-95A9-F843B03879A2}
		{38AFA520-02AD-46FC-A313-6580E533EDFD} = {E5A9B9DA-1F04-4B4E-95A9-F843B03879A2}
		{7ED7271F-B41C-4F7F-94CD-0F7A012A9C61} = {E5A9B9DA-1F04-4B4E-95A9-F843B03879A2}
		{A1CE3A76-B71E-45C1-9114-295F7B7E2058} = {E5A9B9DA-1F04-4B4E-95A9-F843B03879A2}
		{29192D2E-3E74-4870-AD27-A0FBE2429B43} = {E5A9B9DA-1F04-4B4E-95A9-F843B03879A2}
		{9925292F-BF32-434C-923B-0AFCA87516F0} = {E5A9B9DA-1F04-4B4E-95A9-F843B03879A2}
	EndGlobalSection
	GlobalSection(ExtensibilityGlobals) = postSolution
		SolutionGuid = {63D08ED7-A502-4028-9E81-CCF2E1AED77F}
	EndGlobalSection
EndGlobal
