
Microsoft Visual Studio Solution File, Format Version 12.00
# Visual Studio Version 16
VisualStudioVersion = 16.0.30011.22
MinimumVisualStudioVersion = 10.0.40219.1
Project("{FAE04EC0-301F-11D3-BF4B-00C04F79EFBC}") = "Aiapps.Nfce", "Aiapps.Nfce\Aiapps.Nfce.csproj", "{C66F5134-A936-4F2F-9128-1D7FA28B2C62}"
EndProject
Project("{FAE04EC0-301F-11D3-BF4B-00C04F79EFBC}") = "Aiapps.Nfce.Tests", "Aiapps.Nfce.Tests\Aiapps.Nfce.Tests.csproj", "{C76D31AE-D8A0-40DE-9A79-72E46A53674A}"
EndProject
Global
	GlobalSection(SolutionConfigurationPlatforms) = preSolution
		Debug|Any CPU = Debug|Any CPU
		Release|Any CPU = Release|Any CPU
	EndGlobalSection
	GlobalSection(ProjectConfigurationPlatforms) = postSolution
		{C66F5134-A936-4F2F-9128-1D7FA28B2C62}.Debug|Any CPU.ActiveCfg = Debug|Any CPU
		{C66F5134-A936-4F2F-9128-1D7FA28B2C62}.Debug|Any CPU.Build.0 = Debug|Any CPU
		{C66F5134-A936-4F2F-9128-1D7FA28B2C62}.Release|Any CPU.ActiveCfg = Release|Any CPU
		{C66F5134-A936-4F2F-9128-1D7FA28B2C62}.Release|Any CPU.Build.0 = Release|Any CPU
		{C76D31AE-D8A0-40DE-9A79-72E46A53674A}.Debug|Any CPU.ActiveCfg = Debug|Any CPU
		{C76D31AE-D8A0-40DE-9A79-72E46A53674A}.Debug|Any CPU.Build.0 = Debug|Any CPU
		{C76D31AE-D8A0-40DE-9A79-72E46A53674A}.Release|Any CPU.ActiveCfg = Release|Any CPU
		{C76D31AE-D8A0-40DE-9A79-72E46A53674A}.Release|Any CPU.Build.0 = Release|Any CPU
	EndGlobalSection
	GlobalSection(SolutionProperties) = preSolution
		HideSolutionNode = FALSE
	EndGlobalSection
	GlobalSection(ExtensibilityGlobals) = postSolution
		SolutionGuid = {63D08ED7-A502-4028-9E81-CCF2E1AED77F}
	EndGlobalSection
EndGlobal
